
Microsoft Visual Studio Solution File, Format Version 12.00
# Visual Studio 15
VisualStudioVersion = 15.0.28307.136
MinimumVisualStudioVersion = 10.0.40219.1
Project("{FAE04EC0-301F-11D3-BF4B-00C04F79EFBC}") = "App2.Android", "App2\App2.Android\App2.Android.csproj", "{CE3C2823-8A08-4F77-A66A-9187E825019B}"
EndProject
Project("{FAE04EC0-301F-11D3-BF4B-00C04F79EFBC}") = "App2.iOS", "App2\App2.iOS\App2.iOS.csproj", "{17CEC67A-12FE-4337-98C7-78F39712B65A}"
EndProject
Project("{FAE04EC0-301F-11D3-BF4B-00C04F79EFBC}") = "App2", "App2\App2\App2.csproj", "{C1CD5C14-6DD3-43E6-86FE-EB32881D8513}"
EndProject
Global
	GlobalSection(SolutionConfigurationPlatforms) = preSolution
		Ad-Hoc|Any CPU = Ad-Hoc|Any CPU
		Ad-Hoc|iPhone = Ad-Hoc|iPhone
		Ad-Hoc|iPhoneSimulator = Ad-Hoc|iPhoneSimulator
		AppStore|Any CPU = AppStore|Any CPU
		AppStore|iPhone = AppStore|iPhone
		AppStore|iPhoneSimulator = AppStore|iPhoneSimulator
		Debug|Any CPU = Debug|Any CPU
		Debug|iPhone = Debug|iPhone
		Debug|iPhoneSimulator = Debug|iPhoneSimulator
		Release|Any CPU = Release|Any CPU
		Release|iPhone = Release|iPhone
		Release|iPhoneSimulator = Release|iPhoneSimulator
	EndGlobalSection
	GlobalSection(ProjectConfigurationPlatforms) = postSolution
		{CE3C2823-8A08-4F77-A66A-9187E825019B}.Ad-Hoc|Any CPU.ActiveCfg = Release|Any CPU
		{CE3C2823-8A08-4F77-A66A-9187E825019B}.Ad-Hoc|Any CPU.Build.0 = Release|Any CPU
		{CE3C2823-8A08-4F77-A66A-9187E825019B}.Ad-Hoc|Any CPU.Deploy.0 = Release|Any CPU
		{CE3C2823-8A08-4F77-A66A-9187E825019B}.Ad-Hoc|iPhone.ActiveCfg = Release|Any CPU
		{CE3C2823-8A08-4F77-A66A-9187E825019B}.Ad-Hoc|iPhone.Build.0 = Release|Any CPU
		{CE3C2823-8A08-4F77-A66A-9187E825019B}.Ad-Hoc|iPhone.Deploy.0 = Release|Any CPU
		{CE3C2823-8A08-4F77-A66A-9187E825019B}.Ad-Hoc|iPhoneSimulator.ActiveCfg = Release|Any CPU
		{CE3C2823-8A08-4F77-A66A-9187E825019B}.Ad-Hoc|iPhoneSimulator.Build.0 = Release|Any CPU
		{CE3C2823-8A08-4F77-A66A-9187E825019B}.Ad-Hoc|iPhoneSimulator.Deploy.0 = Release|Any CPU
		{CE3C2823-8A08-4F77-A66A-9187E825019B}.AppStore|Any CPU.ActiveCfg = Release|Any CPU
		{CE3C2823-8A08-4F77-A66A-9187E825019B}.AppStore|Any CPU.Build.0 = Release|Any CPU
		{CE3C2823-8A08-4F77-A66A-9187E825019B}.AppStore|Any CPU.Deploy.0 = Release|Any CPU
		{CE3C2823-8A08-4F77-A66A-9187E825019B}.AppStore|iPhone.ActiveCfg = Release|Any CPU
		{CE3C2823-8A08-4F77-A66A-9187E825019B}.AppStore|iPhone.Build.0 = Release|Any CPU
		{CE3C2823-8A08-4F77-A66A-9187E825019B}.AppStore|iPhone.Deploy.0 = Release|Any CPU
		{CE3C2823-8A08-4F77-A66A-9187E825019B}.AppStore|iPhoneSimulator.ActiveCfg = Release|Any CPU
		{CE3C2823-8A08-4F77-A66A-9187E825019B}.AppStore|iPhoneSimulator.Build.0 = Release|Any CPU
		{CE3C2823-8A08-4F77-A66A-9187E825019B}.AppStore|iPhoneSimulator.Deploy.0 = Release|Any CPU
		{CE3C2823-8A08-4F77-A66A-9187E825019B}.Debug|Any CPU.ActiveCfg = Debug|Any CPU
		{CE3C2823-8A08-4F77-A66A-9187E825019B}.Debug|Any CPU.Build.0 = Debug|Any CPU
		{CE3C2823-8A08-4F77-A66A-9187E825019B}.Debug|Any CPU.Deploy.0 = Debug|Any CPU
		{CE3C2823-8A08-4F77-A66A-9187E825019B}.Debug|iPhone.ActiveCfg = Debug|Any CPU
		{CE3C2823-8A08-4F77-A66A-9187E825019B}.Debug|iPhone.Build.0 = Debug|Any CPU
		{CE3C2823-8A08-4F77-A66A-9187E825019B}.Debug|iPhone.Deploy.0 = Debug|Any CPU
		{CE3C2823-8A08-4F77-A66A-9187E825019B}.Debug|iPhoneSimulator.ActiveCfg = Debug|Any CPU
		{CE3C2823-8A08-4F77-A66A-9187E825019B}.Debug|iPhoneSimulator.Build.0 = Debug|Any CPU
		{CE3C2823-8A08-4F77-A66A-9187E825019B}.Debug|iPhoneSimulator.Deploy.0 = Debug|Any CPU
		{CE3C2823-8A08-4F77-A66A-9187E825019B}.Release|Any CPU.ActiveCfg = Release|Any CPU
		{CE3C2823-8A08-4F77-A66A-9187E825019B}.Release|Any CPU.Build.0 = Release|Any CPU
		{CE3C2823-8A08-4F77-A66A-9187E825019B}.Release|Any CPU.Deploy.0 = Release|Any CPU
		{CE3C2823-8A08-4F77-A66A-9187E825019B}.Release|iPhone.ActiveCfg = Release|Any CPU
		{CE3C2823-8A08-4F77-A66A-9187E825019B}.Release|iPhone.Build.0 = Release|Any CPU
		{CE3C2823-8A08-4F77-A66A-9187E825019B}.Release|iPhone.Deploy.0 = Release|Any CPU
		{CE3C2823-8A08-4F77-A66A-9187E825019B}.Release|iPhoneSimulator.ActiveCfg = Release|Any CPU
		{CE3C2823-8A08-4F77-A66A-9187E825019B}.Release|iPhoneSimulator.Build.0 = Release|Any CPU
		{CE3C2823-8A08-4F77-A66A-9187E825019B}.Release|iPhoneSimulator.Deploy.0 = Release|Any CPU
		{17CEC67A-12FE-4337-98C7-78F39712B65A}.Ad-Hoc|Any CPU.ActiveCfg = Ad-Hoc|iPhone
		{17CEC67A-12FE-4337-98C7-78F39712B65A}.Ad-Hoc|Any CPU.Build.0 = Ad-Hoc|iPhone
		{17CEC67A-12FE-4337-98C7-78F39712B65A}.Ad-Hoc|Any CPU.Deploy.0 = Ad-Hoc|iPhone
		{17CEC67A-12FE-4337-98C7-78F39712B65A}.Ad-Hoc|iPhone.ActiveCfg = Ad-Hoc|iPhone
		{17CEC67A-12FE-4337-98C7-78F39712B65A}.Ad-Hoc|iPhone.Build.0 = Ad-Hoc|iPhone
		{17CEC67A-12FE-4337-98C7-78F39712B65A}.Ad-Hoc|iPhone.Deploy.0 = Ad-Hoc|iPhone
		{17CEC67A-12FE-4337-98C7-78F39712B65A}.Ad-Hoc|iPhoneSimulator.ActiveCfg = Ad-Hoc|iPhoneSimulator
		{17CEC67A-12FE-4337-98C7-78F39712B65A}.Ad-Hoc|iPhoneSimulator.Build.0 = Ad-Hoc|iPhoneSimulator
		{17CEC67A-12FE-4337-98C7-78F39712B65A}.Ad-Hoc|iPhoneSimulator.Deploy.0 = Ad-Hoc|iPhoneSimulator
		{17CEC67A-12FE-4337-98C7-78F39712B65A}.AppStore|Any CPU.ActiveCfg = AppStore|iPhone
		{17CEC67A-12FE-4337-98C7-78F39712B65A}.AppStore|Any CPU.Build.0 = AppStore|iPhone
		{17CEC67A-12FE-4337-98C7-78F39712B65A}.AppStore|Any CPU.Deploy.0 = AppStore|iPhone
		{17CEC67A-12FE-4337-98C7-78F39712B65A}.AppStore|iPhone.ActiveCfg = AppStore|iPhone
		{17CEC67A-12FE-4337-98C7-78F39712B65A}.AppStore|iPhone.Build.0 = AppStore|iPhone
		{17CEC67A-12FE-4337-98C7-78F39712B65A}.AppStore|iPhone.Deploy.0 = AppStore|iPhone
		{17CEC67A-12FE-4337-98C7-78F39712B65A}.AppStore|iPhoneSimulator.ActiveCfg = AppStore|iPhoneSimulator
		{17CEC67A-12FE-4337-98C7-78F39712B65A}.AppStore|iPhoneSimulator.Build.0 = AppStore|iPhoneSimulator
		{17CEC67A-12FE-4337-98C7-78F39712B65A}.AppStore|iPhoneSimulator.Deploy.0 = AppStore|iPhoneSimulator
		{17CEC67A-12FE-4337-98C7-78F39712B65A}.Debug|Any CPU.ActiveCfg = Debug|iPhoneSimulator
		{17CEC67A-12FE-4337-98C7-78F39712B65A}.Debug|Any CPU.Build.0 = Debug|iPhoneSimulator
		{17CEC67A-12FE-4337-98C7-78F39712B65A}.Debug|Any CPU.Deploy.0 = Debug|iPhoneSimulator
		{17CEC67A-12FE-4337-98C7-78F39712B65A}.Debug|iPhone.ActiveCfg = Debug|iPhone
		{17CEC67A-12FE-4337-98C7-78F39712B65A}.Debug|iPhone.Build.0 = Debug|iPhone
		{17CEC67A-12FE-4337-98C7-78F39712B65A}.Debug|iPhone.Deploy.0 = Debug|iPhone
		{17CEC67A-12FE-4337-98C7-78F39712B65A}.Debug|iPhoneSimulator.ActiveCfg = Debug|iPhoneSimulator
		{17CEC67A-12FE-4337-98C7-78F39712B65A}.Debug|iPhoneSimulator.Build.0 = Debug|iPhoneSimulator
		{17CEC67A-12FE-4337-98C7-78F39712B65A}.Debug|iPhoneSimulator.Deploy.0 = Debug|iPhoneSimulator
		{17CEC67A-12FE-4337-98C7-78F39712B65A}.Release|Any CPU.ActiveCfg = Release|iPhone
		{17CEC67A-12FE-4337-98C7-78F39712B65A}.Release|Any CPU.Build.0 = Release|iPhone
		{17CEC67A-12FE-4337-98C7-78F39712B65A}.Release|Any CPU.Deploy.0 = Release|iPhone
		{17CEC67A-12FE-4337-98C7-78F39712B65A}.Release|iPhone.ActiveCfg = Release|iPhone
		{17CEC67A-12FE-4337-98C7-78F39712B65A}.Release|iPhone.Build.0 = Release|iPhone
		{17CEC67A-12FE-4337-98C7-78F39712B65A}.Release|iPhone.Deploy.0 = Release|iPhone
		{17CEC67A-12FE-4337-98C7-78F39712B65A}.Release|iPhoneSimulator.ActiveCfg = Release|iPhoneSimulator
		{17CEC67A-12FE-4337-98C7-78F39712B65A}.Release|iPhoneSimulator.Build.0 = Release|iPhoneSimulator
		{17CEC67A-12FE-4337-98C7-78F39712B65A}.Release|iPhoneSimulator.Deploy.0 = Release|iPhoneSimulator
		{C1CD5C14-6DD3-43E6-86FE-EB32881D8513}.Ad-Hoc|Any CPU.ActiveCfg = Debug|Any CPU
		{C1CD5C14-6DD3-43E6-86FE-EB32881D8513}.Ad-Hoc|Any CPU.Build.0 = Debug|Any CPU
		{C1CD5C14-6DD3-43E6-86FE-EB32881D8513}.Ad-Hoc|Any CPU.Deploy.0 = Debug|Any CPU
		{C1CD5C14-6DD3-43E6-86FE-EB32881D8513}.Ad-Hoc|iPhone.ActiveCfg = Debug|Any CPU
		{C1CD5C14-6DD3-43E6-86FE-EB32881D8513}.Ad-Hoc|iPhone.Build.0 = Debug|Any CPU
		{C1CD5C14-6DD3-43E6-86FE-EB32881D8513}.Ad-Hoc|iPhone.Deploy.0 = Debug|Any CPU
		{C1CD5C14-6DD3-43E6-86FE-EB32881D8513}.Ad-Hoc|iPhoneSimulator.ActiveCfg = Debug|Any CPU
		{C1CD5C14-6DD3-43E6-86FE-EB32881D8513}.Ad-Hoc|iPhoneSimulator.Build.0 = Debug|Any CPU
		{C1CD5C14-6DD3-43E6-86FE-EB32881D8513}.Ad-Hoc|iPhoneSimulator.Deploy.0 = Debug|Any CPU
		{C1CD5C14-6DD3-43E6-86FE-EB32881D8513}.AppStore|Any CPU.ActiveCfg = Debug|Any CPU
		{C1CD5C14-6DD3-43E6-86FE-EB32881D8513}.AppStore|Any CPU.Build.0 = Debug|Any CPU
		{C1CD5C14-6DD3-43E6-86FE-EB32881D8513}.AppStore|Any CPU.Deploy.0 = Debug|Any CPU
		{C1CD5C14-6DD3-43E6-86FE-EB32881D8513}.AppStore|iPhone.ActiveCfg = Debug|Any CPU
		{C1CD5C14-6DD3-43E6-86FE-EB32881D8513}.AppStore|iPhone.Build.0 = Debug|Any CPU
		{C1CD5C14-6DD3-43E6-86FE-EB32881D8513}.AppStore|iPhone.Deploy.0 = Debug|Any CPU
		{C1CD5C14-6DD3-43E6-86FE-EB32881D8513}.AppStore|iPhoneSimulator.ActiveCfg = Debug|Any CPU
		{C1CD5C14-6DD3-43E6-86FE-EB32881D8513}.AppStore|iPhoneSimulator.Build.0 = Debug|Any CPU
		{C1CD5C14-6DD3-43E6-86FE-EB32881D8513}.AppStore|iPhoneSimulator.Deploy.0 = Debug|Any CPU
		{C1CD5C14-6DD3-43E6-86FE-EB32881D8513}.Debug|Any CPU.ActiveCfg = Debug|Any CPU
		{C1CD5C14-6DD3-43E6-86FE-EB32881D8513}.Debug|Any CPU.Build.0 = Debug|Any CPU
		{C1CD5C14-6DD3-43E6-86FE-EB32881D8513}.Debug|Any CPU.Deploy.0 = Debug|Any CPU
		{C1CD5C14-6DD3-43E6-86FE-EB32881D8513}.Debug|iPhone.ActiveCfg = Debug|Any CPU
		{C1CD5C14-6DD3-43E6-86FE-EB32881D8513}.Debug|iPhone.Build.0 = Debug|Any CPU
		{C1CD5C14-6DD3-43E6-86FE-EB32881D8513}.Debug|iPhone.Deploy.0 = Debug|Any CPU
		{C1CD5C14-6DD3-43E6-86FE-EB32881D8513}.Debug|iPhoneSimulator.ActiveCfg = Debug|Any CPU
		{C1CD5C14-6DD3-43E6-86FE-EB32881D8513}.Debug|iPhoneSimulator.Build.0 = Debug|Any CPU
		{C1CD5C14-6DD3-43E6-86FE-EB32881D8513}.Debug|iPhoneSimulator.Deploy.0 = Debug|Any CPU
		{C1CD5C14-6DD3-43E6-86FE-EB32881D8513}.Release|Any CPU.ActiveCfg = Release|Any CPU
		{C1CD5C14-6DD3-43E6-86FE-EB32881D8513}.Release|Any CPU.Build.0 = Release|Any CPU
		{C1CD5C14-6DD3-43E6-86FE-EB32881D8513}.Release|Any CPU.Deploy.0 = Release|Any CPU
		{C1CD5C14-6DD3-43E6-86FE-EB32881D8513}.Release|iPhone.ActiveCfg = Release|Any CPU
		{C1CD5C14-6DD3-43E6-86FE-EB32881D8513}.Release|iPhone.Build.0 = Release|Any CPU
		{C1CD5C14-6DD3-43E6-86FE-EB32881D8513}.Release|iPhone.Deploy.0 = Release|Any CPU
		{C1CD5C14-6DD3-43E6-86FE-EB32881D8513}.Release|iPhoneSimulator.ActiveCfg = Release|Any CPU
		{C1CD5C14-6DD3-43E6-86FE-EB32881D8513}.Release|iPhoneSimulator.Build.0 = Release|Any CPU
		{C1CD5C14-6DD3-43E6-86FE-EB32881D8513}.Release|iPhoneSimulator.Deploy.0 = Release|Any CPU
	EndGlobalSection
	GlobalSection(SolutionProperties) = preSolution
		HideSolutionNode = FALSE
	EndGlobalSection
	GlobalSection(ExtensibilityGlobals) = postSolution
		SolutionGuid = {1DC8F7C2-9426-4C8A-9CFE-B5F9C5DE65E4}
	EndGlobalSection
EndGlobal
